
Microsoft Visual Studio Solution File, Format Version 12.00
# Visual Studio Version 16
VisualStudioVersion = 16.0.31205.134
MinimumVisualStudioVersion = 10.0.40219.1
Project("{9A19103F-16F7-4668-BE54-9A1E7A4F7556}") = "AttendanceSystem", "AttendanceSystem\AttendanceSystem.csproj", "{2D598D92-92C2-4C6F-9B63-E6BF2F28F640}"
EndProject
Global
	GlobalSection(SolutionConfigurationPlatforms) = preSolution
		Debug|Any CPU = Debug|Any CPU
		Release|Any CPU = Release|Any CPU
	EndGlobalSection
	GlobalSection(ProjectConfigurationPlatforms) = postSolution
		{2D598D92-92C2-4C6F-9B63-E6BF2F28F640}.Debug|Any CPU.ActiveCfg = Debug|Any CPU
		{2D598D92-92C2-4C6F-9B63-E6BF2F28F640}.Debug|Any CPU.Build.0 = Debug|Any CPU
		{2D598D92-92C2-4C6F-9B63-E6BF2F28F640}.Release|Any CPU.ActiveCfg = Release|Any CPU
		{2D598D92-92C2-4C6F-9B63-E6BF2F28F640}.Release|Any CPU.Build.0 = Release|Any CPU
	EndGlobalSection
	GlobalSection(SolutionProperties) = preSolution
		HideSolutionNode = FALSE
	EndGlobalSection
	GlobalSection(ExtensibilityGlobals) = postSolution
		SolutionGuid = {E950D3D5-F736-44DA-9504-41C6F6DECDE2}
	EndGlobalSection
EndGlobal
